# Every part id ever published, one per line. Only append: models link to these ids (see parts.test.ts).
supermagnete-s-04-02-n
supermagnete-s-05-02-n52n
supermagnete-s-06-02-n
supermagnete-s-06-03-n
supermagnete-s-08-02-n
supermagnete-s-08-03-n
supermagnete-s-10-02-n
supermagnete-s-10-03-n
supermagnete-s-12-02-n
supermagnete-q-05-05-02-n
supermagnete-q-10-05-02-n
supermagnete-q-10-10-02-n
supermagnete-r-10-04-05-n
supermagnete-csn-10
iso-4762-m2x4
iso-4762-m2x5
iso-4762-m2x6
iso-4762-m2x8
iso-4762-m2x10
iso-4762-m2x12
iso-4762-m2x16
iso-4762-m2x20
iso-4762-m2-5x4
iso-4762-m2-5x5
iso-4762-m2-5x6
iso-4762-m2-5x8
iso-4762-m2-5x10
iso-4762-m2-5x12
iso-4762-m2-5x16
iso-4762-m2-5x20
iso-4762-m2-5x25
iso-4762-m3x5
iso-4762-m3x6
iso-4762-m3x8
iso-4762-m3x10
iso-4762-m3x12
iso-4762-m3x14
iso-4762-m3x16
iso-4762-m3x20
iso-4762-m3x25
iso-4762-m3x30
iso-4762-m4x6
iso-4762-m4x8
iso-4762-m4x10
iso-4762-m4x12
iso-4762-m4x16
iso-4762-m4x20
iso-4762-m4x25
iso-4762-m4x30
iso-4762-m4x35
iso-4762-m4x40
iso-4762-m5x8
iso-4762-m5x10
iso-4762-m5x12
iso-4762-m5x16
iso-4762-m5x20
iso-4762-m5x25
iso-4762-m5x30
iso-4762-m5x35
iso-4762-m5x40
iso-4762-m5x50
iso-4762-m6x10
iso-4762-m6x12
iso-4762-m6x16
iso-4762-m6x20
iso-4762-m6x25
iso-4762-m6x30
iso-4762-m6x35
iso-4762-m6x40
iso-4762-m6x50
iso-4762-m6x60
iso-4762-m8x12
iso-4762-m8x16
iso-4762-m8x20
iso-4762-m8x25
iso-4762-m8x30
iso-4762-m8x35
iso-4762-m8x40
iso-4762-m8x50
iso-4762-m8x60
iso-4762-m8x70
iso-4762-m8x80
iso-7380-m3x6
iso-7380-m3x8
iso-7380-m3x10
iso-7380-m3x12
iso-7380-m3x16
iso-7380-m4x6
iso-7380-m4x8
iso-7380-m4x10
iso-7380-m4x12
iso-7380-m4x16
iso-7380-m4x20
iso-7380-m5x8
iso-7380-m5x10
iso-7380-m5x12
iso-7380-m5x16
iso-7380-m5x20
iso-7380-m5x25
iso-7380-m6x10
iso-7380-m6x12
iso-7380-m6x16
iso-7380-m6x20
iso-7380-m6x25
iso-7380-m6x30
iso-7380-m8x12
iso-7380-m8x16
iso-7380-m8x20
iso-7380-m8x25
iso-7380-m8x30
iso-7380-m8x40
iso-10642-m3x8
iso-10642-m3x10
iso-10642-m3x12
iso-10642-m3x16
iso-10642-m3x20
iso-10642-m3x25
iso-10642-m3x30
iso-10642-m4x8
iso-10642-m4x10
iso-10642-m4x12
iso-10642-m4x16
iso-10642-m4x20
iso-10642-m4x25
iso-10642-m4x30
iso-10642-m4x40
iso-10642-m5x8
iso-10642-m5x10
iso-10642-m5x12
iso-10642-m5x16
iso-10642-m5x20
iso-10642-m5x25
iso-10642-m5x30
iso-10642-m5x40
iso-10642-m5x50
iso-10642-m6x10
iso-10642-m6x12
iso-10642-m6x16
iso-10642-m6x20
iso-10642-m6x25
iso-10642-m6x30
iso-10642-m6x40
iso-10642-m6x50
iso-10642-m6x60
iso-10642-m8x12
iso-10642-m8x16
iso-10642-m8x20
iso-10642-m8x25
iso-10642-m8x30
iso-10642-m8x40
iso-10642-m8x50
iso-10642-m8x60
iso-10642-m8x80
iso-4017-m2x4
iso-4017-m2x6
iso-4017-m2x8
iso-4017-m2x10
iso-4017-m2x12
iso-4017-m2-5x5
iso-4017-m2-5x6
iso-4017-m2-5x8
iso-4017-m2-5x10
iso-4017-m2-5x12
iso-4017-m2-5x16
iso-4017-m3x6
iso-4017-m3x8
iso-4017-m3x10
iso-4017-m3x12
iso-4017-m3x16
iso-4017-m3x20
iso-4017-m3x25
iso-4017-m3x30
iso-4017-m4x8
iso-4017-m4x10
iso-4017-m4x12
iso-4017-m4x16
iso-4017-m4x20
iso-4017-m4x25
iso-4017-m4x30
iso-4017-m4x40
iso-4017-m5x10
iso-4017-m5x12
iso-4017-m5x16
iso-4017-m5x20
iso-4017-m5x25
iso-4017-m5x30
iso-4017-m5x40
iso-4017-m5x50
iso-4017-m6x12
iso-4017-m6x16
iso-4017-m6x20
iso-4017-m6x25
iso-4017-m6x30
iso-4017-m6x40
iso-4017-m6x50
iso-4017-m6x60
iso-4017-m8x16
iso-4017-m8x20
iso-4017-m8x25
iso-4017-m8x30
iso-4017-m8x40
iso-4017-m8x50
iso-4017-m8x60
iso-4017-m8x80
iso-7045-m2x3
iso-7045-m2x4
iso-7045-m2x5
iso-7045-m2x6
iso-7045-m2x8
iso-7045-m2x10
iso-7045-m2x12
iso-7045-m2x16
iso-7045-m2-5x4
iso-7045-m2-5x5
iso-7045-m2-5x6
iso-7045-m2-5x8
iso-7045-m2-5x10
iso-7045-m2-5x12
iso-7045-m2-5x16
iso-7045-m2-5x20
iso-7045-m3x4
iso-7045-m3x5
iso-7045-m3x6
iso-7045-m3x8
iso-7045-m3x10
iso-7045-m3x12
iso-7045-m3x16
iso-7045-m3x20
iso-7045-m3x25
iso-7045-m3x30
iso-7045-m4x5
iso-7045-m4x6
iso-7045-m4x8
iso-7045-m4x10
iso-7045-m4x12
iso-7045-m4x16
iso-7045-m4x20
iso-7045-m4x25
iso-7045-m4x30
iso-7045-m4x40
iso-7045-m5x6
iso-7045-m5x8
iso-7045-m5x10
iso-7045-m5x12
iso-7045-m5x16
iso-7045-m5x20
iso-7045-m5x25
iso-7045-m5x30
iso-7045-m5x40
iso-7045-m5x50
iso-7045-m6x8
iso-7045-m6x10
iso-7045-m6x12
iso-7045-m6x16
iso-7045-m6x20
iso-7045-m6x25
iso-7045-m6x30
iso-7045-m6x40
iso-7045-m6x50
iso-7045-m6x60
iso-7045-m8x10
iso-7045-m8x12
iso-7045-m8x16
iso-7045-m8x20
iso-7045-m8x25
iso-7045-m8x30
iso-7045-m8x40
iso-7045-m8x50
iso-7045-m8x60
iso-4032-m2
iso-4032-m2-5
iso-4032-m3
iso-4032-m4
iso-4032-m5
iso-4032-m6
iso-4032-m8
iso-4035-m2
iso-4035-m2-5
iso-4035-m3
iso-4035-m4
iso-4035-m5
iso-4035-m6
iso-4035-m8
iso-10511-m3
iso-10511-m4
iso-10511-m5
iso-10511-m6
iso-10511-m8
din-562-m2
din-562-m2-5
din-562-m3
din-562-m4
din-562-m5
din-562-m6
din-562-m8
din-557-m5
din-557-m6
din-557-m8
iso-7089-m2
iso-7089-m2-5
iso-7089-m3
iso-7089-m4
iso-7089-m5
iso-7089-m6
iso-7089-m8
iso-7090-m5
iso-7090-m6
iso-7090-m8
iso-7093-m2-5
iso-7093-m3
iso-7093-m4
iso-7093-m5
iso-7093-m6
iso-7093-m8
cnc-kitchen-m2x3
cnc-kitchen-m2-5x4
cnc-kitchen-m3x5-7
cnc-kitchen-m3x3
cnc-kitchen-m3x5x4
cnc-kitchen-m4x8-1
cnc-kitchen-m4x4
cnc-kitchen-m5x9-5
cnc-kitchen-m5x5-8
cnc-kitchen-m6x12-7
cnc-kitchen-m8x12-7
ruthex-rx-m2x4
ruthex-rx-m3x5-7
ruthex-rx-m4x8-1
ruthex-rx-m5x9-5
bearing-623
bearing-624
bearing-625
bearing-626
bearing-608
bearing-688
bearing-6800
bearing-6000
bearing-6001
iso-8734-2x6
iso-8734-2x8
iso-8734-2x10
iso-8734-2x12
iso-8734-2x16
iso-8734-2x20
iso-8734-2-5x6
iso-8734-2-5x8
iso-8734-2-5x10
iso-8734-2-5x12
iso-8734-2-5x16
iso-8734-2-5x20
iso-8734-3x8
iso-8734-3x10
iso-8734-3x12
iso-8734-3x16
iso-8734-3x20
iso-8734-3x24
iso-8734-3x30
iso-8734-4x8
iso-8734-4x10
iso-8734-4x12
iso-8734-4x16
iso-8734-4x20
iso-8734-4x24
iso-8734-4x30
iso-8734-4x40
iso-8734-5x10
iso-8734-5x12
iso-8734-5x16
iso-8734-5x20
iso-8734-5x24
iso-8734-5x30
iso-8734-5x40
iso-8734-5x50
iso-8734-6x12
iso-8734-6x16
iso-8734-6x20
iso-8734-6x24
iso-8734-6x30
iso-8734-6x40
iso-8734-6x50
iso-8734-6x60
iso-8734-8x16
iso-8734-8x20
iso-8734-8x24
iso-8734-8x30
iso-8734-8x40
iso-8734-8x50
iso-8734-8x60
iso-8734-8x80
iso-2338-2x8
iso-2338-2x10
iso-2338-2x12
iso-2338-2x16
iso-2338-2x20
iso-2338-2-5x8
iso-2338-2-5x10
iso-2338-2-5x12
iso-2338-2-5x16
iso-2338-2-5x20
iso-2338-3x8
iso-2338-3x10
iso-2338-3x12
iso-2338-3x16
iso-2338-3x20
iso-2338-3x30
iso-2338-4x10
iso-2338-4x12
iso-2338-4x16
iso-2338-4x20
iso-2338-4x30
iso-2338-4x40
iso-2338-5x10
iso-2338-5x12
iso-2338-5x16
iso-2338-5x20
iso-2338-5x30
iso-2338-5x40
iso-2338-5x50
iso-2338-6x12
iso-2338-6x16
iso-2338-6x20
iso-2338-6x30
iso-2338-6x40
iso-2338-6x50
iso-2338-6x60
iso-2338-8x16
iso-2338-8x20
iso-2338-8x30
iso-2338-8x40
iso-2338-8x50
iso-2338-8x60
iso-2338-8x80
bic-j25-mini-lighter
